
Microsoft Visual Studio Solution File, Format Version 12.00
# Visual Studio 15
VisualStudioVersion = 15.0.28010.2026
MinimumVisualStudioVersion = 10.0.40219.1
Project("{FAE04EC0-301F-11D3-BF4B-00C04F79EFBC}") = "SETUP", "SETUP\SETUP.csproj", "{6F9F290A-7E6C-4EFB-996B-A7091FFE6F2D}"
EndProject
Global
	GlobalSection(SolutionConfigurationPlatforms) = preSolution
		Debug|Any CPU = Debug|Any CPU
		Release|Any CPU = Release|Any CPU
	EndGlobalSection
	GlobalSection(ProjectConfigurationPlatforms) = postSolution
		{6F9F290A-7E6C-4EFB-996B-A7091FFE6F2D}.Debug|Any CPU.ActiveCfg = Debug|Any CPU
		{6F9F290A-7E6C-4EFB-996B-A7091FFE6F2D}.Debug|Any CPU.Build.0 = Debug|Any CPU
		{6F9F290A-7E6C-4EFB-996B-A7091FFE6F2D}.Release|Any CPU.ActiveCfg = Release|Any CPU
		{6F9F290A-7E6C-4EFB-996B-A7091FFE6F2D}.Release|Any CPU.Build.0 = Release|Any CPU
	EndGlobalSection
	GlobalSection(SolutionProperties) = preSolution
		HideSolutionNode = FALSE
	EndGlobalSection
	GlobalSection(ExtensibilityGlobals) = postSolution
		SolutionGuid = {794CF565-764F-45C7-8F0F-10D531EF6AA4}
	EndGlobalSection
EndGlobal
